
Microsoft Visual Studio Solution File, Format Version 12.00
# Visual Studio Version 17
VisualStudioVersion = 17.8.34408.163
MinimumVisualStudioVersion = 10.0.40219.1
Project("{FAE04EC0-301F-11D3-BF4B-00C04F79EFBC}") = "DVD Logo", "DVD Logo.csproj", "{EE70D7C1-F31F-45E4-B90F-379B9CD25408}"
EndProject
Global
	GlobalSection(SolutionConfigurationPlatforms) = preSolution
		Debug|Any CPU = Debug|Any CPU
		Release|Any CPU = Release|Any CPU
	EndGlobalSection
	GlobalSection(ProjectConfigurationPlatforms) = postSolution
		{EE70D7C1-F31F-45E4-B90F-379B9CD25408}.Debug|Any CPU.ActiveCfg = Debug|Any CPU
		{EE70D7C1-F31F-45E4-B90F-379B9CD25408}.Debug|Any CPU.Build.0 = Debug|Any CPU
		{EE70D7C1-F31F-45E4-B90F-379B9CD25408}.Release|Any CPU.ActiveCfg = Release|Any CPU
		{EE70D7C1-F31F-45E4-B90F-379B9CD25408}.Release|Any CPU.Build.0 = Release|Any CPU
	EndGlobalSection
	GlobalSection(SolutionProperties) = preSolution
		HideSolutionNode = FALSE
	EndGlobalSection
	GlobalSection(ExtensibilityGlobals) = postSolution
		SolutionGuid = {C37EFD6F-E0C0-45BD-A967-E905E9FA7594}
	EndGlobalSection
EndGlobal
